
Microsoft Visual Studio Solution File, Format Version 12.00
# Visual Studio Version 17
VisualStudioVersion = 17.9.34714.143
MinimumVisualStudioVersion = 10.0.40219.1
Project("{FAE04EC0-301F-11D3-BF4B-00C04F79EFBC}") = "MyAnimeRecommendation", "MyAnimeRecommendation\MyAnimeRecommendation.csproj", "{E42AD425-0946-4F46-90D6-92374DD6F3EC}"
EndProject
Project("{FAE04EC0-301F-11D3-BF4B-00C04F79EFBC}") = "MyBusinessLogic", "MyBusinessLogic\MyBusinessLogic.csproj", "{6ED0B80B-0D3B-4287-B17F-9C86D8857F2C}"
EndProject
Global
	GlobalSection(SolutionConfigurationPlatforms) = preSolution
		Debug|Any CPU = Debug|Any CPU
		Release|Any CPU = Release|Any CPU
	EndGlobalSection
	GlobalSection(ProjectConfigurationPlatforms) = postSolution
		{E42AD425-0946-4F46-90D6-92374DD6F3EC}.Debug|Any CPU.ActiveCfg = Debug|Any CPU
		{E42AD425-0946-4F46-90D6-92374DD6F3EC}.Debug|Any CPU.Build.0 = Debug|Any CPU
		{E42AD425-0946-4F46-90D6-92374DD6F3EC}.Release|Any CPU.ActiveCfg = Release|Any CPU
		{E42AD425-0946-4F46-90D6-92374DD6F3EC}.Release|Any CPU.Build.0 = Release|Any CPU
		{6ED0B80B-0D3B-4287-B17F-9C86D8857F2C}.Debug|Any CPU.ActiveCfg = Debug|Any CPU
		{6ED0B80B-0D3B-4287-B17F-9C86D8857F2C}.Debug|Any CPU.Build.0 = Debug|Any CPU
		{6ED0B80B-0D3B-4287-B17F-9C86D8857F2C}.Release|Any CPU.ActiveCfg = Release|Any CPU
		{6ED0B80B-0D3B-4287-B17F-9C86D8857F2C}.Release|Any CPU.Build.0 = Release|Any CPU
	EndGlobalSection
	GlobalSection(SolutionProperties) = preSolution
		HideSolutionNode = FALSE
	EndGlobalSection
	GlobalSection(ExtensibilityGlobals) = postSolution
		SolutionGuid = {A83D636A-4DC4-4099-80A8-EB0AEE748BEF}
	EndGlobalSection
EndGlobal
